{
    "_meta": {
        "hash": {
            "sha256": "040f7502631ce9e36b590a5e341912e1f4aba3e0482f48155f33d72a6688322b"
        },
        "pipfile-spec": 6,
        "requires": {
            "python_version": "3.6"
        },
        "sources": [
            {
                "name": "pypi",
                "url": "https://pypi.org/simple",
                "verify_ssl": true
            }
        ]
    },
    "default": {
        "airflow-salesforce-plugin": {
            "editable": true,
            "extras": [
                "tests",
                "dev",
                "csvfiles",
                "docs"
            ],
            "path": "."
        },
        "urllib3": {
            "hashes": [
                "sha256:753a0374df26658f99d826cfe40394a686d05985786d946fbe4165b5148f5a7c",
                "sha256:a7acd0977125325f516bda9735fa7142b909a8d01e8b2e4c8108d0984e6e0098"
            ],
            "index": "pypi",
            "version": "==1.26.5"
        }
    },
    "develop": {}
}
